
Microsoft Visual Studio Solution File, Format Version 12.00
# Visual Studio Version 17
VisualStudioVersion = 17.0.32112.339
MinimumVisualStudioVersion = 10.0.40219.1
Project("{9A19103F-16F7-4668-BE54-9A1E7A4F7556}") = "Elephant.Common", "Elephant.Common\Elephant.Common.csproj", "{285E40EF-9CBF-4124-A343-083E32E79A9D}"
EndProject
Project("{9A19103F-16F7-4668-BE54-9A1E7A4F7556}") = "Elephant.ApiControllers", "Elephant.ApiControllers\Elephant.ApiControllers.csproj", "{B8C8D813-53F3-4B67-8347-32761CAA5A57}"
EndProject
Project("{2150E333-8FDC-42A3-9474-1A3956D46DE8}") = "Tests", "Tests", "{4F5D45E5-E7E9-4D89-8261-0B52F71DD917}"
EndProject
Project("{9A19103F-16F7-4668-BE54-9A1E7A4F7556}") = "Elephant.Common.Tests", "Tests\Elephant.Common.Tests\Elephant.Common.Tests.csproj", "{673747C7-B8A6-4820-81A7-73F90E49F3DC}"
EndProject
Project("{9A19103F-16F7-4668-BE54-9A1E7A4F7556}") = "Elephant.CodeFirst.SqlServer", "Elephant.CodeFirst.SqlServer\Elephant.CodeFirst.SqlServer.csproj", "{F34D57E2-26B4-40E7-B2BD-2F93A6FA2753}"
EndProject
Project("{9A19103F-16F7-4668-BE54-9A1E7A4F7556}") = "Elephant.CodeFirst.Sqlite", "Elephant.CodeFirst.Sqlite\Elephant.CodeFirst.Sqlite.csproj", "{101FC552-B898-42F8-AD75-58E97FF5FAD9}"
EndProject
Project("{9A19103F-16F7-4668-BE54-9A1E7A4F7556}") = "Elephant.Rijksdriehoek", "Elephant.Rijksdriehoek\Elephant.Rijksdriehoek.csproj", "{DFCE6093-ACDC-4FA7-B9AB-3F30A44EB6FD}"
EndProject
Project("{9A19103F-16F7-4668-BE54-9A1E7A4F7556}") = "Elephant.Validation", "Elephant.Validation\Elephant.Validation.csproj", "{CA12ECF3-78C3-42F3-9E23-E1D4608B83A9}"
EndProject
Project("{9A19103F-16F7-4668-BE54-9A1E7A4F7556}") = "Elephant.Types", "Elephant.Types\Elephant.Types.csproj", "{806E86CB-968F-433C-B597-06AD2780FCAA}"
EndProject
Project("{9A19103F-16F7-4668-BE54-9A1E7A4F7556}") = "Elephant.Types.Tests", "Tests\Elephant.Types.Tests\Elephant.Types.Tests.csproj", "{3157A07D-0468-4610-91E1-BB5CF887062A}"
EndProject
Project("{9A19103F-16F7-4668-BE54-9A1E7A4F7556}") = "Elephant.Extensions", "Elephant.Extensions\Elephant.Extensions.csproj", "{00EEDDE0-3F82-40EA-BF01-3401C908A93E}"
EndProject
Project("{9A19103F-16F7-4668-BE54-9A1E7A4F7556}") = "Elephant.Extensions.Tests", "Tests\Elephant.Extensions.Tests\Elephant.Extensions.Tests.csproj", "{4B1D20FE-8272-44D0-80C2-B2D21E1D753B}"
EndProject
Project("{9A19103F-16F7-4668-BE54-9A1E7A4F7556}") = "Elephant.Io", "Elephant.Io\Elephant.Io.csproj", "{8ED1AAB5-902E-4E06-8471-30B7CFC618C4}"
EndProject
Project("{9A19103F-16F7-4668-BE54-9A1E7A4F7556}") = "Elephant.ApiControllers.Tests", "Tests\Elephant.ApiControllers.Tests\Elephant.ApiControllers.Tests.csproj", "{7E25B7EE-F924-471D-A2EB-44ADC995ABCC}"
EndProject
Project("{9A19103F-16F7-4668-BE54-9A1E7A4F7556}") = "Elephant.Types.Interfaces", "Elephant.Types.Interfaces\Elephant.Types.Interfaces.csproj", "{87384658-0AFA-416C-ADF0-E9C14E6EC5D2}"
EndProject
Project("{9A19103F-16F7-4668-BE54-9A1E7A4F7556}") = "Elephant.DataAnnotations.SqlServer", "Elephant.DataAnnotations.SqlServer\Elephant.DataAnnotations.SqlServer.csproj", "{A9ABA949-F688-4E8E-B892-5B9306AEF4D6}"
EndProject
Project("{9A19103F-16F7-4668-BE54-9A1E7A4F7556}") = "Elephant.DataAnnotations.SqlServer.Tests", "Tests\Elephant.DataAnnotations.SqlServer.Tests\Elephant.DataAnnotations.SqlServer.Tests.csproj", "{AC32C6A0-6A53-421F-B78C-A3ED2CAF98BB}"
EndProject
Project("{9A19103F-16F7-4668-BE54-9A1E7A4F7556}") = "Elephant.DataAnnotations.Tests", "Tests\Elephant.DataAnnotations.Tests\Elephant.DataAnnotations.Tests.csproj", "{AC973C91-5886-4F08-8786-CDB947E58DD0}"
EndProject
Project("{9A19103F-16F7-4668-BE54-9A1E7A4F7556}") = "Elephant.DataAnnotations", "Elephant.DataAnnotations\Elephant.DataAnnotations.csproj", "{6E59264B-876C-42B0-BEA5-B84A1B6314EB}"
EndProject
Project("{9A19103F-16F7-4668-BE54-9A1E7A4F7556}") = "Elephant.Models", "Elephant.Models\Elephant.Models.csproj", "{64745AB2-16E1-4427-9213-3160A4CE8482}"
EndProject
Project("{9A19103F-16F7-4668-BE54-9A1E7A4F7556}") = "Elephant.Models.Tests", "Tests\Elephant.Models.Tests\Elephant.Models.Tests.csproj", "{A65641B4-A57B-4598-AE70-D4FD82935284}"
EndProject
Project("{9A19103F-16F7-4668-BE54-9A1E7A4F7556}") = "Elephant.Blazor.Clipboard", "Elephant.Blazor.Clipboard\Elephant.Blazor.Clipboard.csproj", "{5F91DB10-28A9-400E-A113-66151D64FD44}"
EndProject
Project("{2150E333-8FDC-42A3-9474-1A3956D46DE8}") = "Testing", "Testing", "{2E478F31-B597-4834-83D6-4B0F35DC4FF2}"
EndProject
Project("{9A19103F-16F7-4668-BE54-9A1E7A4F7556}") = "Elephant.Testing.Xunit", "Testing\Elephant.Testing.Xunit\Elephant.Testing.Xunit.csproj", "{05A33E04-2F27-409B-A60E-9F649B271D66}"
EndProject
Project("{2150E333-8FDC-42A3-9474-1A3956D46DE8}") = "Constants", "Constants", "{7E68A68E-5C63-4352-AEF3-08F7E29E928B}"
EndProject
Project("{9A19103F-16F7-4668-BE54-9A1E7A4F7556}") = "Elephant.Constants.Sqlite", "Constants\Elephant.Constants.Sqlite\Elephant.Constants.Sqlite.csproj", "{03353200-64AB-4A09-8EDD-B829AEFD083F}"
EndProject
Project("{9A19103F-16F7-4668-BE54-9A1E7A4F7556}") = "Elephant.Constants.SqlServer", "Constants\Elephant.Constants.SqlServer\Elephant.Constants.SqlServer.csproj", "{5BE24952-54BC-4555-8615-FA8CF3E3C99F}"
EndProject
Project("{9A19103F-16F7-4668-BE54-9A1E7A4F7556}") = "Elephant.Rijksdriehoek.Tests", "Tests\Elephant.Rijksdriehoek.Tests\Elephant.Rijksdriehoek.Tests.csproj", "{A2D80AE1-7561-430E-AECD-A4CE7EFF5BAD}"
EndProject
Project("{9A19103F-16F7-4668-BE54-9A1E7A4F7556}") = "Elephant.Constants.MockData", "Constants\Elephant.Constants.MockData\Elephant.Constants.MockData.csproj", "{A0CA4EEB-FA20-4895-8350-C682F29CA923}"
EndProject
Project("{9A19103F-16F7-4668-BE54-9A1E7A4F7556}") = "Elephant.Constants.MockData.Tests", "Tests\Elephant.Constants.MockData.Tests\Elephant.Constants.MockData.Tests.csproj", "{A99701D3-E961-4C17-92DD-A20A3124AF23}"
EndProject
Project("{2150E333-8FDC-42A3-9474-1A3956D46DE8}") = "Database", "Database", "{CC128DAB-2139-4869-AFD3-D5124A5BB437}"
EndProject
Project("{9A19103F-16F7-4668-BE54-9A1E7A4F7556}") = "Elephant.Database", "Database\Elephant.Database\Elephant.Database.csproj", "{01B19D32-95F6-4112-97BB-F2A7C63AAB86}"
EndProject
Project("{9A19103F-16F7-4668-BE54-9A1E7A4F7556}") = "Elephant.Database.Utilities", "Database\Elephant.Database.Utilities\Elephant.Database.Utilities.csproj", "{721746F0-3C4B-4439-93CF-98111560AF27}"
EndProject
Project("{2150E333-8FDC-42A3-9474-1A3956D46DE8}") = "MongoDb", "MongoDb", "{853640C0-BDE8-476C-9FC2-FB1E36B1C28F}"
EndProject
Project("{9A19103F-16F7-4668-BE54-9A1E7A4F7556}") = "Elephant.Database.MongoDb", "Database\MongoDb\Elephant.Database.MongoDb\Elephant.Database.MongoDb.csproj", "{F17F180A-F74F-4565-AB5B-98066745B780}"
EndProject
Project("{9A19103F-16F7-4668-BE54-9A1E7A4F7556}") = "Elephant.Database.MongoDb.Abstractions", "Database\MongoDb\Elephant.Database.MongoDb.Abstractions\Elephant.Database.MongoDb.Abstractions.csproj", "{F8826C27-651D-465A-B1E9-8C2D408B77F0}"
EndProject
Project("{9A19103F-16F7-4668-BE54-9A1E7A4F7556}") = "Elephant.Database.MongoDb.Types.Abstractions", "Database\MongoDb\Elephant.Database.MongoDb.Types.Abstractions\Elephant.Database.MongoDb.Types.Abstractions.csproj", "{D4B195A5-F381-4B84-AD76-BAE7988CC672}"
EndProject
Project("{9A19103F-16F7-4668-BE54-9A1E7A4F7556}") = "Elephant.Database.MongoDb.Types", "Database\MongoDb\Elephant.Database.MongoDb.Types\Elephant.Database.MongoDb.Types.csproj", "{413911D7-869D-4BFA-BB6F-6453383FA6F8}"
EndProject
Project("{9A19103F-16F7-4668-BE54-9A1E7A4F7556}") = "Elephant.Database.Utilities.Tests", "Tests\Elephant.Database.Utilities.Tests\Elephant.Database.Utilities.Tests.csproj", "{D24CF50D-1D59-4470-870B-D6A25855958B}"
EndProject
Project("{9A19103F-16F7-4668-BE54-9A1E7A4F7556}") = "Elephant.Database.Tests", "Tests\Elephant.Database.Tests\Elephant.Database.Tests.csproj", "{1F555049-C484-4E9A-BE80-148D351D4154}"
EndProject
Project("{9A19103F-16F7-4668-BE54-9A1E7A4F7556}") = "Elephant.Common.Maths", "Elephant.Common.Maths\Elephant.Common.Maths.csproj", "{1491C777-B34B-4297-A46D-BF13CB33106A}"
EndProject
Project("{9A19103F-16F7-4668-BE54-9A1E7A4F7556}") = "Elephant.Common.Maths.Tests", "Tests\Elephant.Common.Maths.Tests\Elephant.Common.Maths.Tests.csproj", "{10486A91-CFB5-4552-A3D8-D1003B797BAA}"
EndProject
Project("{9A19103F-16F7-4668-BE54-9A1E7A4F7556}") = "Elephant.GeoSystems", "Elephant.GeoSystems\Elephant.GeoSystems.csproj", "{92B73947-1901-4ED0-BD1F-A6805FAD99F0}"
EndProject
Project("{9A19103F-16F7-4668-BE54-9A1E7A4F7556}") = "Elephant.GeoSystems.Tests", "Tests\Elephant.GeoSystems.Tests\Elephant.GeoSystems.Tests.csproj", "{6BC1C0E3-A1C1-43C4-B9FF-34FD41FBADC9}"
EndProject
Project("{9A19103F-16F7-4668-BE54-9A1E7A4F7556}") = "Elephant.Types.Results", "Elephant.Types.Results\Elephant.Types.Results.csproj", "{E948949C-224C-4243-B249-8C07785ED0D7}"
EndProject
Project("{9A19103F-16F7-4668-BE54-9A1E7A4F7556}") = "Elephant.Types.Results.Abstractions", "Elephant.Types.Results.Abstractions\Elephant.Types.Results.Abstractions.csproj", "{8D2DCB36-E488-450E-AE95-690A2BA93B8D}"
EndProject
Project("{2150E333-8FDC-42A3-9474-1A3956D46DE8}") = "Types", "Types", "{0246C5D3-6BDC-4BE9-8D8D-EE4F9C052889}"
EndProject
Project("{FAE04EC0-301F-11D3-BF4B-00C04F79EFBC}") = "Elephant.Types.Results.Tests", "Tests\Types\Elephant.Types.Results.Tests\Elephant.Types.Results.Tests.csproj", "{A6D749A5-1796-40C1-AD0A-7D2E26C147F2}"
EndProject
Global
	GlobalSection(SolutionConfigurationPlatforms) = preSolution
		Debug|Any CPU = Debug|Any CPU
		Release|Any CPU = Release|Any CPU
	EndGlobalSection
	GlobalSection(ProjectConfigurationPlatforms) = postSolution
		{285E40EF-9CBF-4124-A343-083E32E79A9D}.Debug|Any CPU.ActiveCfg = Debug|Any CPU
		{285E40EF-9CBF-4124-A343-083E32E79A9D}.Debug|Any CPU.Build.0 = Debug|Any CPU
		{285E40EF-9CBF-4124-A343-083E32E79A9D}.Release|Any CPU.ActiveCfg = Release|Any CPU
		{285E40EF-9CBF-4124-A343-083E32E79A9D}.Release|Any CPU.Build.0 = Release|Any CPU
		{B8C8D813-53F3-4B67-8347-32761CAA5A57}.Debug|Any CPU.ActiveCfg = Debug|Any CPU
		{B8C8D813-53F3-4B67-8347-32761CAA5A57}.Debug|Any CPU.Build.0 = Debug|Any CPU
		{B8C8D813-53F3-4B67-8347-32761CAA5A57}.Release|Any CPU.ActiveCfg = Release|Any CPU
		{B8C8D813-53F3-4B67-8347-32761CAA5A57}.Release|Any CPU.Build.0 = Release|Any CPU
		{673747C7-B8A6-4820-81A7-73F90E49F3DC}.Debug|Any CPU.ActiveCfg = Debug|Any CPU
		{673747C7-B8A6-4820-81A7-73F90E49F3DC}.Debug|Any CPU.Build.0 = Debug|Any CPU
		{673747C7-B8A6-4820-81A7-73F90E49F3DC}.Release|Any CPU.ActiveCfg = Release|Any CPU
		{673747C7-B8A6-4820-81A7-73F90E49F3DC}.Release|Any CPU.Build.0 = Release|Any CPU
		{F34D57E2-26B4-40E7-B2BD-2F93A6FA2753}.Debug|Any CPU.ActiveCfg = Debug|Any CPU
		{F34D57E2-26B4-40E7-B2BD-2F93A6FA2753}.Debug|Any CPU.Build.0 = Debug|Any CPU
		{F34D57E2-26B4-40E7-B2BD-2F93A6FA2753}.Release|Any CPU.ActiveCfg = Release|Any CPU
		{F34D57E2-26B4-40E7-B2BD-2F93A6FA2753}.Release|Any CPU.Build.0 = Release|Any CPU
		{101FC552-B898-42F8-AD75-58E97FF5FAD9}.Debug|Any CPU.ActiveCfg = Debug|Any CPU
		{101FC552-B898-42F8-AD75-58E97FF5FAD9}.Debug|Any CPU.Build.0 = Debug|Any CPU
		{101FC552-B898-42F8-AD75-58E97FF5FAD9}.Release|Any CPU.ActiveCfg = Release|Any CPU
		{101FC552-B898-42F8-AD75-58E97FF5FAD9}.Release|Any CPU.Build.0 = Release|Any CPU
		{DFCE6093-ACDC-4FA7-B9AB-3F30A44EB6FD}.Debug|Any CPU.ActiveCfg = Debug|Any CPU
		{DFCE6093-ACDC-4FA7-B9AB-3F30A44EB6FD}.Debug|Any CPU.Build.0 = Debug|Any CPU
		{DFCE6093-ACDC-4FA7-B9AB-3F30A44EB6FD}.Release|Any CPU.ActiveCfg = Release|Any CPU
		{DFCE6093-ACDC-4FA7-B9AB-3F30A44EB6FD}.Release|Any CPU.Build.0 = Release|Any CPU
		{CA12ECF3-78C3-42F3-9E23-E1D4608B83A9}.Debug|Any CPU.ActiveCfg = Debug|Any CPU
		{CA12ECF3-78C3-42F3-9E23-E1D4608B83A9}.Debug|Any CPU.Build.0 = Debug|Any CPU
		{CA12ECF3-78C3-42F3-9E23-E1D4608B83A9}.Release|Any CPU.ActiveCfg = Release|Any CPU
		{CA12ECF3-78C3-42F3-9E23-E1D4608B83A9}.Release|Any CPU.Build.0 = Release|Any CPU
		{806E86CB-968F-433C-B597-06AD2780FCAA}.Debug|Any CPU.ActiveCfg = Debug|Any CPU
		{806E86CB-968F-433C-B597-06AD2780FCAA}.Debug|Any CPU.Build.0 = Debug|Any CPU
		{806E86CB-968F-433C-B597-06AD2780FCAA}.Release|Any CPU.ActiveCfg = Release|Any CPU
		{806E86CB-968F-433C-B597-06AD2780FCAA}.Release|Any CPU.Build.0 = Release|Any CPU
		{3157A07D-0468-4610-91E1-BB5CF887062A}.Debug|Any CPU.ActiveCfg = Debug|Any CPU
		{3157A07D-0468-4610-91E1-BB5CF887062A}.Debug|Any CPU.Build.0 = Debug|Any CPU
		{3157A07D-0468-4610-91E1-BB5CF887062A}.Release|Any CPU.ActiveCfg = Release|Any CPU
		{3157A07D-0468-4610-91E1-BB5CF887062A}.Release|Any CPU.Build.0 = Release|Any CPU
		{00EEDDE0-3F82-40EA-BF01-3401C908A93E}.Debug|Any CPU.ActiveCfg = Debug|Any CPU
		{00EEDDE0-3F82-40EA-BF01-3401C908A93E}.Debug|Any CPU.Build.0 = Debug|Any CPU
		{00EEDDE0-3F82-40EA-BF01-3401C908A93E}.Release|Any CPU.ActiveCfg = Release|Any CPU
		{00EEDDE0-3F82-40EA-BF01-3401C908A93E}.Release|Any CPU.Build.0 = Release|Any CPU
		{4B1D20FE-8272-44D0-80C2-B2D21E1D753B}.Debug|Any CPU.ActiveCfg = Debug|Any CPU
		{4B1D20FE-8272-44D0-80C2-B2D21E1D753B}.Debug|Any CPU.Build.0 = Debug|Any CPU
		{4B1D20FE-8272-44D0-80C2-B2D21E1D753B}.Release|Any CPU.ActiveCfg = Release|Any CPU
		{4B1D20FE-8272-44D0-80C2-B2D21E1D753B}.Release|Any CPU.Build.0 = Release|Any CPU
		{8ED1AAB5-902E-4E06-8471-30B7CFC618C4}.Debug|Any CPU.ActiveCfg = Debug|Any CPU
		{8ED1AAB5-902E-4E06-8471-30B7CFC618C4}.Debug|Any CPU.Build.0 = Debug|Any CPU
		{8ED1AAB5-902E-4E06-8471-30B7CFC618C4}.Release|Any CPU.ActiveCfg = Release|Any CPU
		{8ED1AAB5-902E-4E06-8471-30B7CFC618C4}.Release|Any CPU.Build.0 = Release|Any CPU
		{7E25B7EE-F924-471D-A2EB-44ADC995ABCC}.Debug|Any CPU.ActiveCfg = Debug|Any CPU
		{7E25B7EE-F924-471D-A2EB-44ADC995ABCC}.Debug|Any CPU.Build.0 = Debug|Any CPU
		{7E25B7EE-F924-471D-A2EB-44ADC995ABCC}.Release|Any CPU.ActiveCfg = Release|Any CPU
		{7E25B7EE-F924-471D-A2EB-44ADC995ABCC}.Release|Any CPU.Build.0 = Release|Any CPU
		{87384658-0AFA-416C-ADF0-E9C14E6EC5D2}.Debug|Any CPU.ActiveCfg = Debug|Any CPU
		{87384658-0AFA-416C-ADF0-E9C14E6EC5D2}.Debug|Any CPU.Build.0 = Debug|Any CPU
		{87384658-0AFA-416C-ADF0-E9C14E6EC5D2}.Release|Any CPU.ActiveCfg = Release|Any CPU
		{87384658-0AFA-416C-ADF0-E9C14E6EC5D2}.Release|Any CPU.Build.0 = Release|Any CPU
		{A9ABA949-F688-4E8E-B892-5B9306AEF4D6}.Debug|Any CPU.ActiveCfg = Debug|Any CPU
		{A9ABA949-F688-4E8E-B892-5B9306AEF4D6}.Debug|Any CPU.Build.0 = Debug|Any CPU
		{A9ABA949-F688-4E8E-B892-5B9306AEF4D6}.Release|Any CPU.ActiveCfg = Release|Any CPU
		{A9ABA949-F688-4E8E-B892-5B9306AEF4D6}.Release|Any CPU.Build.0 = Release|Any CPU
		{AC32C6A0-6A53-421F-B78C-A3ED2CAF98BB}.Debug|Any CPU.ActiveCfg = Debug|Any CPU
		{AC32C6A0-6A53-421F-B78C-A3ED2CAF98BB}.Debug|Any CPU.Build.0 = Debug|Any CPU
		{AC32C6A0-6A53-421F-B78C-A3ED2CAF98BB}.Release|Any CPU.ActiveCfg = Release|Any CPU
		{AC32C6A0-6A53-421F-B78C-A3ED2CAF98BB}.Release|Any CPU.Build.0 = Release|Any CPU
		{AC973C91-5886-4F08-8786-CDB947E58DD0}.Debug|Any CPU.ActiveCfg = Debug|Any CPU
		{AC973C91-5886-4F08-8786-CDB947E58DD0}.Debug|Any CPU.Build.0 = Debug|Any CPU
		{AC973C91-5886-4F08-8786-CDB947E58DD0}.Release|Any CPU.ActiveCfg = Release|Any CPU
		{AC973C91-5886-4F08-8786-CDB947E58DD0}.Release|Any CPU.Build.0 = Release|Any CPU
		{6E59264B-876C-42B0-BEA5-B84A1B6314EB}.Debug|Any CPU.ActiveCfg = Debug|Any CPU
		{6E59264B-876C-42B0-BEA5-B84A1B6314EB}.Debug|Any CPU.Build.0 = Debug|Any CPU
		{6E59264B-876C-42B0-BEA5-B84A1B6314EB}.Release|Any CPU.ActiveCfg = Release|Any CPU
		{6E59264B-876C-42B0-BEA5-B84A1B6314EB}.Release|Any CPU.Build.0 = Release|Any CPU
		{64745AB2-16E1-4427-9213-3160A4CE8482}.Debug|Any CPU.ActiveCfg = Debug|Any CPU
		{64745AB2-16E1-4427-9213-3160A4CE8482}.Debug|Any CPU.Build.0 = Debug|Any CPU
		{64745AB2-16E1-4427-9213-3160A4CE8482}.Release|Any CPU.ActiveCfg = Release|Any CPU
		{64745AB2-16E1-4427-9213-3160A4CE8482}.Release|Any CPU.Build.0 = Release|Any CPU
		{A65641B4-A57B-4598-AE70-D4FD82935284}.Debug|Any CPU.ActiveCfg = Debug|Any CPU
		{A65641B4-A57B-4598-AE70-D4FD82935284}.Debug|Any CPU.Build.0 = Debug|Any CPU
		{A65641B4-A57B-4598-AE70-D4FD82935284}.Release|Any CPU.ActiveCfg = Release|Any CPU
		{A65641B4-A57B-4598-AE70-D4FD82935284}.Release|Any CPU.Build.0 = Release|Any CPU
		{5F91DB10-28A9-400E-A113-66151D64FD44}.Debug|Any CPU.ActiveCfg = Debug|Any CPU
		{5F91DB10-28A9-400E-A113-66151D64FD44}.Debug|Any CPU.Build.0 = Debug|Any CPU
		{5F91DB10-28A9-400E-A113-66151D64FD44}.Release|Any CPU.ActiveCfg = Release|Any CPU
		{5F91DB10-28A9-400E-A113-66151D64FD44}.Release|Any CPU.Build.0 = Release|Any CPU
		{05A33E04-2F27-409B-A60E-9F649B271D66}.Debug|Any CPU.ActiveCfg = Debug|Any CPU
		{05A33E04-2F27-409B-A60E-9F649B271D66}.Debug|Any CPU.Build.0 = Debug|Any CPU
		{05A33E04-2F27-409B-A60E-9F649B271D66}.Release|Any CPU.ActiveCfg = Release|Any CPU
		{05A33E04-2F27-409B-A60E-9F649B271D66}.Release|Any CPU.Build.0 = Release|Any CPU
		{03353200-64AB-4A09-8EDD-B829AEFD083F}.Debug|Any CPU.ActiveCfg = Debug|Any CPU
		{03353200-64AB-4A09-8EDD-B829AEFD083F}.Debug|Any CPU.Build.0 = Debug|Any CPU
		{03353200-64AB-4A09-8EDD-B829AEFD083F}.Release|Any CPU.ActiveCfg = Release|Any CPU
		{03353200-64AB-4A09-8EDD-B829AEFD083F}.Release|Any CPU.Build.0 = Release|Any CPU
		{5BE24952-54BC-4555-8615-FA8CF3E3C99F}.Debug|Any CPU.ActiveCfg = Debug|Any CPU
		{5BE24952-54BC-4555-8615-FA8CF3E3C99F}.Debug|Any CPU.Build.0 = Debug|Any CPU
		{5BE24952-54BC-4555-8615-FA8CF3E3C99F}.Release|Any CPU.ActiveCfg = Release|Any CPU
		{5BE24952-54BC-4555-8615-FA8CF3E3C99F}.Release|Any CPU.Build.0 = Release|Any CPU
		{A2D80AE1-7561-430E-AECD-A4CE7EFF5BAD}.Debug|Any CPU.ActiveCfg = Debug|Any CPU
		{A2D80AE1-7561-430E-AECD-A4CE7EFF5BAD}.Debug|Any CPU.Build.0 = Debug|Any CPU
		{A2D80AE1-7561-430E-AECD-A4CE7EFF5BAD}.Release|Any CPU.ActiveCfg = Release|Any CPU
		{A2D80AE1-7561-430E-AECD-A4CE7EFF5BAD}.Release|Any CPU.Build.0 = Release|Any CPU
		{A0CA4EEB-FA20-4895-8350-C682F29CA923}.Debug|Any CPU.ActiveCfg = Debug|Any CPU
		{A0CA4EEB-FA20-4895-8350-C682F29CA923}.Debug|Any CPU.Build.0 = Debug|Any CPU
		{A0CA4EEB-FA20-4895-8350-C682F29CA923}.Release|Any CPU.ActiveCfg = Release|Any CPU
		{A0CA4EEB-FA20-4895-8350-C682F29CA923}.Release|Any CPU.Build.0 = Release|Any CPU
		{A99701D3-E961-4C17-92DD-A20A3124AF23}.Debug|Any CPU.ActiveCfg = Debug|Any CPU
		{A99701D3-E961-4C17-92DD-A20A3124AF23}.Debug|Any CPU.Build.0 = Debug|Any CPU
		{A99701D3-E961-4C17-92DD-A20A3124AF23}.Release|Any CPU.ActiveCfg = Release|Any CPU
		{A99701D3-E961-4C17-92DD-A20A3124AF23}.Release|Any CPU.Build.0 = Release|Any CPU
		{01B19D32-95F6-4112-97BB-F2A7C63AAB86}.Debug|Any CPU.ActiveCfg = Debug|Any CPU
		{01B19D32-95F6-4112-97BB-F2A7C63AAB86}.Debug|Any CPU.Build.0 = Debug|Any CPU
		{01B19D32-95F6-4112-97BB-F2A7C63AAB86}.Release|Any CPU.ActiveCfg = Release|Any CPU
		{01B19D32-95F6-4112-97BB-F2A7C63AAB86}.Release|Any CPU.Build.0 = Release|Any CPU
		{721746F0-3C4B-4439-93CF-98111560AF27}.Debug|Any CPU.ActiveCfg = Debug|Any CPU
		{721746F0-3C4B-4439-93CF-98111560AF27}.Debug|Any CPU.Build.0 = Debug|Any CPU
		{721746F0-3C4B-4439-93CF-98111560AF27}.Release|Any CPU.ActiveCfg = Release|Any CPU
		{721746F0-3C4B-4439-93CF-98111560AF27}.Release|Any CPU.Build.0 = Release|Any CPU
		{F17F180A-F74F-4565-AB5B-98066745B780}.Debug|Any CPU.ActiveCfg = Debug|Any CPU
		{F17F180A-F74F-4565-AB5B-98066745B780}.Debug|Any CPU.Build.0 = Debug|Any CPU
		{F17F180A-F74F-4565-AB5B-98066745B780}.Release|Any CPU.ActiveCfg = Release|Any CPU
		{F17F180A-F74F-4565-AB5B-98066745B780}.Release|Any CPU.Build.0 = Release|Any CPU
		{F8826C27-651D-465A-B1E9-8C2D408B77F0}.Debug|Any CPU.ActiveCfg = Debug|Any CPU
		{F8826C27-651D-465A-B1E9-8C2D408B77F0}.Debug|Any CPU.Build.0 = Debug|Any CPU
		{F8826C27-651D-465A-B1E9-8C2D408B77F0}.Release|Any CPU.ActiveCfg = Release|Any CPU
		{F8826C27-651D-465A-B1E9-8C2D408B77F0}.Release|Any CPU.Build.0 = Release|Any CPU
		{D4B195A5-F381-4B84-AD76-BAE7988CC672}.Debug|Any CPU.ActiveCfg = Debug|Any CPU
		{D4B195A5-F381-4B84-AD76-BAE7988CC672}.Debug|Any CPU.Build.0 = Debug|Any CPU
		{D4B195A5-F381-4B84-AD76-BAE7988CC672}.Release|Any CPU.ActiveCfg = Release|Any CPU
		{D4B195A5-F381-4B84-AD76-BAE7988CC672}.Release|Any CPU.Build.0 = Release|Any CPU
		{413911D7-869D-4BFA-BB6F-6453383FA6F8}.Debug|Any CPU.ActiveCfg = Debug|Any CPU
		{413911D7-869D-4BFA-BB6F-6453383FA6F8}.Debug|Any CPU.Build.0 = Debug|Any CPU
		{413911D7-869D-4BFA-BB6F-6453383FA6F8}.Release|Any CPU.ActiveCfg = Release|Any CPU
		{413911D7-869D-4BFA-BB6F-6453383FA6F8}.Release|Any CPU.Build.0 = Release|Any CPU
		{D24CF50D-1D59-4470-870B-D6A25855958B}.Debug|Any CPU.ActiveCfg = Debug|Any CPU
		{D24CF50D-1D59-4470-870B-D6A25855958B}.Debug|Any CPU.Build.0 = Debug|Any CPU
		{D24CF50D-1D59-4470-870B-D6A25855958B}.Release|Any CPU.ActiveCfg = Release|Any CPU
		{D24CF50D-1D59-4470-870B-D6A25855958B}.Release|Any CPU.Build.0 = Release|Any CPU
		{1F555049-C484-4E9A-BE80-148D351D4154}.Debug|Any CPU.ActiveCfg = Debug|Any CPU
		{1F555049-C484-4E9A-BE80-148D351D4154}.Debug|Any CPU.Build.0 = Debug|Any CPU
		{1F555049-C484-4E9A-BE80-148D351D4154}.Release|Any CPU.ActiveCfg = Release|Any CPU
		{1F555049-C484-4E9A-BE80-148D351D4154}.Release|Any CPU.Build.0 = Release|Any CPU
		{1491C777-B34B-4297-A46D-BF13CB33106A}.Debug|Any CPU.ActiveCfg = Debug|Any CPU
		{1491C777-B34B-4297-A46D-BF13CB33106A}.Debug|Any CPU.Build.0 = Debug|Any CPU
		{1491C777-B34B-4297-A46D-BF13CB33106A}.Release|Any CPU.ActiveCfg = Release|Any CPU
		{1491C777-B34B-4297-A46D-BF13CB33106A}.Release|Any CPU.Build.0 = Release|Any CPU
		{10486A91-CFB5-4552-A3D8-D1003B797BAA}.Debug|Any CPU.ActiveCfg = Debug|Any CPU
		{10486A91-CFB5-4552-A3D8-D1003B797BAA}.Debug|Any CPU.Build.0 = Debug|Any CPU
		{10486A91-CFB5-4552-A3D8-D1003B797BAA}.Release|Any CPU.ActiveCfg = Release|Any CPU
		{10486A91-CFB5-4552-A3D8-D1003B797BAA}.Release|Any CPU.Build.0 = Release|Any CPU
		{92B73947-1901-4ED0-BD1F-A6805FAD99F0}.Debug|Any CPU.ActiveCfg = Debug|Any CPU
		{92B73947-1901-4ED0-BD1F-A6805FAD99F0}.Debug|Any CPU.Build.0 = Debug|Any CPU
		{92B73947-1901-4ED0-BD1F-A6805FAD99F0}.Release|Any CPU.ActiveCfg = Release|Any CPU
		{92B73947-1901-4ED0-BD1F-A6805FAD99F0}.Release|Any CPU.Build.0 = Release|Any CPU
		{6BC1C0E3-A1C1-43C4-B9FF-34FD41FBADC9}.Debug|Any CPU.ActiveCfg = Debug|Any CPU
		{6BC1C0E3-A1C1-43C4-B9FF-34FD41FBADC9}.Debug|Any CPU.Build.0 = Debug|Any CPU
		{6BC1C0E3-A1C1-43C4-B9FF-34FD41FBADC9}.Release|Any CPU.ActiveCfg = Release|Any CPU
		{6BC1C0E3-A1C1-43C4-B9FF-34FD41FBADC9}.Release|Any CPU.Build.0 = Release|Any CPU
		{E948949C-224C-4243-B249-8C07785ED0D7}.Debug|Any CPU.ActiveCfg = Debug|Any CPU
		{E948949C-224C-4243-B249-8C07785ED0D7}.Debug|Any CPU.Build.0 = Debug|Any CPU
		{E948949C-224C-4243-B249-8C07785ED0D7}.Release|Any CPU.ActiveCfg = Release|Any CPU
		{E948949C-224C-4243-B249-8C07785ED0D7}.Release|Any CPU.Build.0 = Release|Any CPU
		{8D2DCB36-E488-450E-AE95-690A2BA93B8D}.Debug|Any CPU.ActiveCfg = Debug|Any CPU
		{8D2DCB36-E488-450E-AE95-690A2BA93B8D}.Debug|Any CPU.Build.0 = Debug|Any CPU
		{8D2DCB36-E488-450E-AE95-690A2BA93B8D}.Release|Any CPU.ActiveCfg = Release|Any CPU
		{8D2DCB36-E488-450E-AE95-690A2BA93B8D}.Release|Any CPU.Build.0 = Release|Any CPU
		{A6D749A5-1796-40C1-AD0A-7D2E26C147F2}.Debug|Any CPU.ActiveCfg = Debug|Any CPU
		{A6D749A5-1796-40C1-AD0A-7D2E26C147F2}.Debug|Any CPU.Build.0 = Debug|Any CPU
		{A6D749A5-1796-40C1-AD0A-7D2E26C147F2}.Release|Any CPU.ActiveCfg = Release|Any CPU
		{A6D749A5-1796-40C1-AD0A-7D2E26C147F2}.Release|Any CPU.Build.0 = Release|Any CPU
	EndGlobalSection
	GlobalSection(SolutionProperties) = preSolution
		HideSolutionNode = FALSE
	EndGlobalSection
	GlobalSection(NestedProjects) = preSolution
		{673747C7-B8A6-4820-81A7-73F90E49F3DC} = {4F5D45E5-E7E9-4D89-8261-0B52F71DD917}
		{3157A07D-0468-4610-91E1-BB5CF887062A} = {4F5D45E5-E7E9-4D89-8261-0B52F71DD917}
		{4B1D20FE-8272-44D0-80C2-B2D21E1D753B} = {4F5D45E5-E7E9-4D89-8261-0B52F71DD917}
		{7E25B7EE-F924-471D-A2EB-44ADC995ABCC} = {4F5D45E5-E7E9-4D89-8261-0B52F71DD917}
		{AC32C6A0-6A53-421F-B78C-A3ED2CAF98BB} = {4F5D45E5-E7E9-4D89-8261-0B52F71DD917}
		{AC973C91-5886-4F08-8786-CDB947E58DD0} = {4F5D45E5-E7E9-4D89-8261-0B52F71DD917}
		{A65641B4-A57B-4598-AE70-D4FD82935284} = {4F5D45E5-E7E9-4D89-8261-0B52F71DD917}
		{05A33E04-2F27-409B-A60E-9F649B271D66} = {2E478F31-B597-4834-83D6-4B0F35DC4FF2}
		{03353200-64AB-4A09-8EDD-B829AEFD083F} = {7E68A68E-5C63-4352-AEF3-08F7E29E928B}
		{5BE24952-54BC-4555-8615-FA8CF3E3C99F} = {7E68A68E-5C63-4352-AEF3-08F7E29E928B}
		{A2D80AE1-7561-430E-AECD-A4CE7EFF5BAD} = {4F5D45E5-E7E9-4D89-8261-0B52F71DD917}
		{A0CA4EEB-FA20-4895-8350-C682F29CA923} = {7E68A68E-5C63-4352-AEF3-08F7E29E928B}
		{A99701D3-E961-4C17-92DD-A20A3124AF23} = {4F5D45E5-E7E9-4D89-8261-0B52F71DD917}
		{01B19D32-95F6-4112-97BB-F2A7C63AAB86} = {CC128DAB-2139-4869-AFD3-D5124A5BB437}
		{721746F0-3C4B-4439-93CF-98111560AF27} = {CC128DAB-2139-4869-AFD3-D5124A5BB437}
		{853640C0-BDE8-476C-9FC2-FB1E36B1C28F} = {CC128DAB-2139-4869-AFD3-D5124A5BB437}
		{F17F180A-F74F-4565-AB5B-98066745B780} = {853640C0-BDE8-476C-9FC2-FB1E36B1C28F}
		{F8826C27-651D-465A-B1E9-8C2D408B77F0} = {853640C0-BDE8-476C-9FC2-FB1E36B1C28F}
		{D4B195A5-F381-4B84-AD76-BAE7988CC672} = {853640C0-BDE8-476C-9FC2-FB1E36B1C28F}
		{413911D7-869D-4BFA-BB6F-6453383FA6F8} = {853640C0-BDE8-476C-9FC2-FB1E36B1C28F}
		{D24CF50D-1D59-4470-870B-D6A25855958B} = {4F5D45E5-E7E9-4D89-8261-0B52F71DD917}
		{1F555049-C484-4E9A-BE80-148D351D4154} = {4F5D45E5-E7E9-4D89-8261-0B52F71DD917}
		{10486A91-CFB5-4552-A3D8-D1003B797BAA} = {4F5D45E5-E7E9-4D89-8261-0B52F71DD917}
		{6BC1C0E3-A1C1-43C4-B9FF-34FD41FBADC9} = {4F5D45E5-E7E9-4D89-8261-0B52F71DD917}
		{0246C5D3-6BDC-4BE9-8D8D-EE4F9C052889} = {4F5D45E5-E7E9-4D89-8261-0B52F71DD917}
		{A6D749A5-1796-40C1-AD0A-7D2E26C147F2} = {0246C5D3-6BDC-4BE9-8D8D-EE4F9C052889}
	EndGlobalSection
	GlobalSection(ExtensibilityGlobals) = postSolution
		SolutionGuid = {6DB47403-D8D8-4EEB-9D37-8E73C2E536E4}
	EndGlobalSection
EndGlobal
