
Microsoft Visual Studio Solution File, Format Version 12.00
# Visual Studio Version 17
VisualStudioVersion = 17.0.32112.339
MinimumVisualStudioVersion = 10.0.40219.1
Project("{9A19103F-16F7-4668-BE54-9A1E7A4F7556}") = "Elephant.Common", "Elephant.Common\Elephant.Common.csproj", "{285E40EF-9CBF-4124-A343-083E32E79A9D}"
EndProject
Project("{9A19103F-16F7-4668-BE54-9A1E7A4F7556}") = "Elephant.ApiControllers", "Elephant.ApiControllers\Elephant.ApiControllers.csproj", "{B8C8D813-53F3-4B67-8347-32761CAA5A57}"
EndProject
Project("{9A19103F-16F7-4668-BE54-9A1E7A4F7556}") = "Elephant.Constants.SqlServer", "Elephant.Constants.SqlServer\Elephant.Constants.SqlServer.csproj", "{D2603ED1-14DC-421B-A9DB-24F26AF9DB0F}"
EndProject
Project("{2150E333-8FDC-42A3-9474-1A3956D46DE8}") = "Tests", "Tests", "{4F5D45E5-E7E9-4D89-8261-0B52F71DD917}"
EndProject
Project("{9A19103F-16F7-4668-BE54-9A1E7A4F7556}") = "Elephant.Common.Tests", "Tests\Elephant.Common.Tests\Elephant.Common.Tests.csproj", "{673747C7-B8A6-4820-81A7-73F90E49F3DC}"
EndProject
Project("{9A19103F-16F7-4668-BE54-9A1E7A4F7556}") = "Elephant.Testing.Xunit", "Elephant.Testing.Xunit\Elephant.Testing.Xunit.csproj", "{9CA32614-E664-4209-B328-A299DFC6518C}"
EndProject
Project("{FAE04EC0-301F-11D3-BF4B-00C04F79EFBC}") = "Elephant.CodeFirst.SqlServer", "Elephant.CodeFirst.SqlServer\Elephant.CodeFirst.SqlServer.csproj", "{F34D57E2-26B4-40E7-B2BD-2F93A6FA2753}"
EndProject
Global
	GlobalSection(SolutionConfigurationPlatforms) = preSolution
		Debug|Any CPU = Debug|Any CPU
		Release|Any CPU = Release|Any CPU
	EndGlobalSection
	GlobalSection(ProjectConfigurationPlatforms) = postSolution
		{285E40EF-9CBF-4124-A343-083E32E79A9D}.Debug|Any CPU.ActiveCfg = Debug|Any CPU
		{285E40EF-9CBF-4124-A343-083E32E79A9D}.Debug|Any CPU.Build.0 = Debug|Any CPU
		{285E40EF-9CBF-4124-A343-083E32E79A9D}.Release|Any CPU.ActiveCfg = Release|Any CPU
		{285E40EF-9CBF-4124-A343-083E32E79A9D}.Release|Any CPU.Build.0 = Release|Any CPU
		{B8C8D813-53F3-4B67-8347-32761CAA5A57}.Debug|Any CPU.ActiveCfg = Debug|Any CPU
		{B8C8D813-53F3-4B67-8347-32761CAA5A57}.Debug|Any CPU.Build.0 = Debug|Any CPU
		{B8C8D813-53F3-4B67-8347-32761CAA5A57}.Release|Any CPU.ActiveCfg = Release|Any CPU
		{B8C8D813-53F3-4B67-8347-32761CAA5A57}.Release|Any CPU.Build.0 = Release|Any CPU
		{D2603ED1-14DC-421B-A9DB-24F26AF9DB0F}.Debug|Any CPU.ActiveCfg = Debug|Any CPU
		{D2603ED1-14DC-421B-A9DB-24F26AF9DB0F}.Debug|Any CPU.Build.0 = Debug|Any CPU
		{D2603ED1-14DC-421B-A9DB-24F26AF9DB0F}.Release|Any CPU.ActiveCfg = Release|Any CPU
		{D2603ED1-14DC-421B-A9DB-24F26AF9DB0F}.Release|Any CPU.Build.0 = Release|Any CPU
		{673747C7-B8A6-4820-81A7-73F90E49F3DC}.Debug|Any CPU.ActiveCfg = Debug|Any CPU
		{673747C7-B8A6-4820-81A7-73F90E49F3DC}.Debug|Any CPU.Build.0 = Debug|Any CPU
		{673747C7-B8A6-4820-81A7-73F90E49F3DC}.Release|Any CPU.ActiveCfg = Release|Any CPU
		{673747C7-B8A6-4820-81A7-73F90E49F3DC}.Release|Any CPU.Build.0 = Release|Any CPU
		{9CA32614-E664-4209-B328-A299DFC6518C}.Debug|Any CPU.ActiveCfg = Debug|Any CPU
		{9CA32614-E664-4209-B328-A299DFC6518C}.Debug|Any CPU.Build.0 = Debug|Any CPU
		{9CA32614-E664-4209-B328-A299DFC6518C}.Release|Any CPU.ActiveCfg = Release|Any CPU
		{9CA32614-E664-4209-B328-A299DFC6518C}.Release|Any CPU.Build.0 = Release|Any CPU
		{F34D57E2-26B4-40E7-B2BD-2F93A6FA2753}.Debug|Any CPU.ActiveCfg = Debug|Any CPU
		{F34D57E2-26B4-40E7-B2BD-2F93A6FA2753}.Debug|Any CPU.Build.0 = Debug|Any CPU
		{F34D57E2-26B4-40E7-B2BD-2F93A6FA2753}.Release|Any CPU.ActiveCfg = Release|Any CPU
		{F34D57E2-26B4-40E7-B2BD-2F93A6FA2753}.Release|Any CPU.Build.0 = Release|Any CPU
	EndGlobalSection
	GlobalSection(SolutionProperties) = preSolution
		HideSolutionNode = FALSE
	EndGlobalSection
	GlobalSection(NestedProjects) = preSolution
		{673747C7-B8A6-4820-81A7-73F90E49F3DC} = {4F5D45E5-E7E9-4D89-8261-0B52F71DD917}
	EndGlobalSection
	GlobalSection(ExtensibilityGlobals) = postSolution
		SolutionGuid = {6DB47403-D8D8-4EEB-9D37-8E73C2E536E4}
	EndGlobalSection
EndGlobal
