
Microsoft Visual Studio Solution File, Format Version 12.00
# Visual Studio Version 17
VisualStudioVersion = 17.0.32112.339
MinimumVisualStudioVersion = 10.0.40219.1
Project("{9A19103F-16F7-4668-BE54-9A1E7A4F7556}") = "Elephant.Common", "Elephant.Common\Elephant.Common.csproj", "{285E40EF-9CBF-4124-A343-083E32E79A9D}"
EndProject
Project("{9A19103F-16F7-4668-BE54-9A1E7A4F7556}") = "Elephant.ApiControllers", "Elephant.ApiControllers\Elephant.ApiControllers.csproj", "{B8C8D813-53F3-4B67-8347-32761CAA5A57}"
EndProject
Project("{9A19103F-16F7-4668-BE54-9A1E7A4F7556}") = "Elephant.Constants.SqlServer", "Elephant.Constants.SqlServer\Elephant.Constants.SqlServer.csproj", "{D2603ED1-14DC-421B-A9DB-24F26AF9DB0F}"
EndProject
Project("{2150E333-8FDC-42A3-9474-1A3956D46DE8}") = "Tests", "Tests", "{4F5D45E5-E7E9-4D89-8261-0B52F71DD917}"
EndProject
Project("{9A19103F-16F7-4668-BE54-9A1E7A4F7556}") = "Elephant.Common.Tests", "Tests\Elephant.Common.Tests\Elephant.Common.Tests.csproj", "{673747C7-B8A6-4820-81A7-73F90E49F3DC}"
EndProject
Project("{9A19103F-16F7-4668-BE54-9A1E7A4F7556}") = "Elephant.Testing.Xunit", "Elephant.Testing.Xunit\Elephant.Testing.Xunit.csproj", "{9CA32614-E664-4209-B328-A299DFC6518C}"
EndProject
Project("{9A19103F-16F7-4668-BE54-9A1E7A4F7556}") = "Elephant.CodeFirst.SqlServer", "Elephant.CodeFirst.SqlServer\Elephant.CodeFirst.SqlServer.csproj", "{F34D57E2-26B4-40E7-B2BD-2F93A6FA2753}"
EndProject
Project("{9A19103F-16F7-4668-BE54-9A1E7A4F7556}") = "Elephant.CodeFirst.Sqlite", "Elephant.CodeFirst.Sqlite\Elephant.CodeFirst.Sqlite.csproj", "{101FC552-B898-42F8-AD75-58E97FF5FAD9}"
EndProject
Project("{9A19103F-16F7-4668-BE54-9A1E7A4F7556}") = "Elephant.Constants.Sqlite", "Elephant.Constants.Sqlite\Elephant.Constants.Sqlite.csproj", "{C9A0126F-0773-459F-9442-65D45D10BE0D}"
EndProject
Project("{9A19103F-16F7-4668-BE54-9A1E7A4F7556}") = "Elephant.Database", "Elephant.Database\Elephant.Database.csproj", "{9AF4A002-300C-4565-BB0D-3486C289C44A}"
EndProject
Project("{9A19103F-16F7-4668-BE54-9A1E7A4F7556}") = "Elephant.Lnk", "Elephant.Lnk\Elephant.Lnk.csproj", "{424DD08A-F953-4BD5-8506-23F0CA35D3C8}"
EndProject
Project("{9A19103F-16F7-4668-BE54-9A1E7A4F7556}") = "Elephant.Rijksdriehoek", "Elephant.Rijksdriehoek\Elephant.Rijksdriehoek.csproj", "{DFCE6093-ACDC-4FA7-B9AB-3F30A44EB6FD}"
EndProject
Project("{9A19103F-16F7-4668-BE54-9A1E7A4F7556}") = "Elephant.Rijksdriehoek.Tests", "Elephant.Rijksdriehoek.Tests\Elephant.Rijksdriehoek.Tests.csproj", "{DD843B41-AD0C-47B2-850C-17ED2D5B94D2}"
EndProject
Project("{9A19103F-16F7-4668-BE54-9A1E7A4F7556}") = "Elephant.Validation", "Elephant.Validation\Elephant.Validation.csproj", "{CA12ECF3-78C3-42F3-9E23-E1D4608B83A9}"
EndProject
Project("{9A19103F-16F7-4668-BE54-9A1E7A4F7556}") = "Elephant.Types", "Elephant.Types\Elephant.Types.csproj", "{806E86CB-968F-433C-B597-06AD2780FCAA}"
EndProject
Project("{9A19103F-16F7-4668-BE54-9A1E7A4F7556}") = "Elephant.Types.Tests", "Tests\Elephant.Types.Tests\Elephant.Types.Tests.csproj", "{3157A07D-0468-4610-91E1-BB5CF887062A}"
EndProject
Project("{9A19103F-16F7-4668-BE54-9A1E7A4F7556}") = "Elephant.Extensions", "Elephant.Extensions\Elephant.Extensions.csproj", "{00EEDDE0-3F82-40EA-BF01-3401C908A93E}"
EndProject
Project("{9A19103F-16F7-4668-BE54-9A1E7A4F7556}") = "Elephant.Extensions.Tests", "Tests\Elephant.Extensions.Tests\Elephant.Extensions.Tests.csproj", "{4B1D20FE-8272-44D0-80C2-B2D21E1D753B}"
EndProject
Project("{9A19103F-16F7-4668-BE54-9A1E7A4F7556}") = "Elephant.Io", "Elephant.Io\Elephant.Io.csproj", "{8ED1AAB5-902E-4E06-8471-30B7CFC618C4}"
EndProject
Project("{9A19103F-16F7-4668-BE54-9A1E7A4F7556}") = "Elephant.ApiControllers.Tests", "Tests\Elephant.ApiControllers.Tests\Elephant.ApiControllers.Tests.csproj", "{7E25B7EE-F924-471D-A2EB-44ADC995ABCC}"
EndProject
Project("{9A19103F-16F7-4668-BE54-9A1E7A4F7556}") = "Elephant.Types.Interfaces", "Elephant.Types.Interfaces\Elephant.Types.Interfaces.csproj", "{87384658-0AFA-416C-ADF0-E9C14E6EC5D2}"
EndProject
Project("{9A19103F-16F7-4668-BE54-9A1E7A4F7556}") = "Elephant.Database.Utilities.Tests", "Tests\Elephant.Database.Tests\Elephant.Database.Utilities.Tests.csproj", "{0125814D-8A02-4CE6-B531-F4D4D0EEEACA}"
EndProject
Project("{9A19103F-16F7-4668-BE54-9A1E7A4F7556}") = "Elephant.Database.Utilities", "Elephant.Database.Utilities\Elephant.Database.Utilities.csproj", "{75AFC19D-0396-4166-BA41-7F057BE391E1}"
EndProject
Project("{9A19103F-16F7-4668-BE54-9A1E7A4F7556}") = "Elephant.DataAnnotations.SqlServer", "Elephant.DataAnnotations.SqlServer\Elephant.DataAnnotations.SqlServer.csproj", "{A9ABA949-F688-4E8E-B892-5B9306AEF4D6}"
EndProject
Project("{9A19103F-16F7-4668-BE54-9A1E7A4F7556}") = "Elephant.DataAnnotations.SqlServer.Tests", "Tests\Elephant.DataAnnotations.SqlServer.Tests\Elephant.DataAnnotations.SqlServer.Tests.csproj", "{AC32C6A0-6A53-421F-B78C-A3ED2CAF98BB}"
EndProject
Project("{9A19103F-16F7-4668-BE54-9A1E7A4F7556}") = "Elephant.DataAnnotations.Tests", "Tests\Elephant.DataAnnotations.Tests\Elephant.DataAnnotations.Tests.csproj", "{AC973C91-5886-4F08-8786-CDB947E58DD0}"
EndProject
Project("{9A19103F-16F7-4668-BE54-9A1E7A4F7556}") = "Elephant.DataAnnotations", "Elephant.DataAnnotations\Elephant.DataAnnotations.csproj", "{6E59264B-876C-42B0-BEA5-B84A1B6314EB}"
EndProject
Project("{FAE04EC0-301F-11D3-BF4B-00C04F79EFBC}") = "Elephant.Models", "Elephant.Models\Elephant.Models.csproj", "{64745AB2-16E1-4427-9213-3160A4CE8482}"
EndProject
Global
	GlobalSection(SolutionConfigurationPlatforms) = preSolution
		Debug|Any CPU = Debug|Any CPU
		Release|Any CPU = Release|Any CPU
	EndGlobalSection
	GlobalSection(ProjectConfigurationPlatforms) = postSolution
		{285E40EF-9CBF-4124-A343-083E32E79A9D}.Debug|Any CPU.ActiveCfg = Debug|Any CPU
		{285E40EF-9CBF-4124-A343-083E32E79A9D}.Debug|Any CPU.Build.0 = Debug|Any CPU
		{285E40EF-9CBF-4124-A343-083E32E79A9D}.Release|Any CPU.ActiveCfg = Release|Any CPU
		{285E40EF-9CBF-4124-A343-083E32E79A9D}.Release|Any CPU.Build.0 = Release|Any CPU
		{B8C8D813-53F3-4B67-8347-32761CAA5A57}.Debug|Any CPU.ActiveCfg = Debug|Any CPU
		{B8C8D813-53F3-4B67-8347-32761CAA5A57}.Debug|Any CPU.Build.0 = Debug|Any CPU
		{B8C8D813-53F3-4B67-8347-32761CAA5A57}.Release|Any CPU.ActiveCfg = Release|Any CPU
		{B8C8D813-53F3-4B67-8347-32761CAA5A57}.Release|Any CPU.Build.0 = Release|Any CPU
		{D2603ED1-14DC-421B-A9DB-24F26AF9DB0F}.Debug|Any CPU.ActiveCfg = Debug|Any CPU
		{D2603ED1-14DC-421B-A9DB-24F26AF9DB0F}.Debug|Any CPU.Build.0 = Debug|Any CPU
		{D2603ED1-14DC-421B-A9DB-24F26AF9DB0F}.Release|Any CPU.ActiveCfg = Release|Any CPU
		{D2603ED1-14DC-421B-A9DB-24F26AF9DB0F}.Release|Any CPU.Build.0 = Release|Any CPU
		{673747C7-B8A6-4820-81A7-73F90E49F3DC}.Debug|Any CPU.ActiveCfg = Debug|Any CPU
		{673747C7-B8A6-4820-81A7-73F90E49F3DC}.Debug|Any CPU.Build.0 = Debug|Any CPU
		{673747C7-B8A6-4820-81A7-73F90E49F3DC}.Release|Any CPU.ActiveCfg = Release|Any CPU
		{673747C7-B8A6-4820-81A7-73F90E49F3DC}.Release|Any CPU.Build.0 = Release|Any CPU
		{9CA32614-E664-4209-B328-A299DFC6518C}.Debug|Any CPU.ActiveCfg = Debug|Any CPU
		{9CA32614-E664-4209-B328-A299DFC6518C}.Debug|Any CPU.Build.0 = Debug|Any CPU
		{9CA32614-E664-4209-B328-A299DFC6518C}.Release|Any CPU.ActiveCfg = Release|Any CPU
		{9CA32614-E664-4209-B328-A299DFC6518C}.Release|Any CPU.Build.0 = Release|Any CPU
		{F34D57E2-26B4-40E7-B2BD-2F93A6FA2753}.Debug|Any CPU.ActiveCfg = Debug|Any CPU
		{F34D57E2-26B4-40E7-B2BD-2F93A6FA2753}.Debug|Any CPU.Build.0 = Debug|Any CPU
		{F34D57E2-26B4-40E7-B2BD-2F93A6FA2753}.Release|Any CPU.ActiveCfg = Release|Any CPU
		{F34D57E2-26B4-40E7-B2BD-2F93A6FA2753}.Release|Any CPU.Build.0 = Release|Any CPU
		{101FC552-B898-42F8-AD75-58E97FF5FAD9}.Debug|Any CPU.ActiveCfg = Debug|Any CPU
		{101FC552-B898-42F8-AD75-58E97FF5FAD9}.Debug|Any CPU.Build.0 = Debug|Any CPU
		{101FC552-B898-42F8-AD75-58E97FF5FAD9}.Release|Any CPU.ActiveCfg = Release|Any CPU
		{101FC552-B898-42F8-AD75-58E97FF5FAD9}.Release|Any CPU.Build.0 = Release|Any CPU
		{C9A0126F-0773-459F-9442-65D45D10BE0D}.Debug|Any CPU.ActiveCfg = Debug|Any CPU
		{C9A0126F-0773-459F-9442-65D45D10BE0D}.Debug|Any CPU.Build.0 = Debug|Any CPU
		{C9A0126F-0773-459F-9442-65D45D10BE0D}.Release|Any CPU.ActiveCfg = Release|Any CPU
		{C9A0126F-0773-459F-9442-65D45D10BE0D}.Release|Any CPU.Build.0 = Release|Any CPU
		{9AF4A002-300C-4565-BB0D-3486C289C44A}.Debug|Any CPU.ActiveCfg = Debug|Any CPU
		{9AF4A002-300C-4565-BB0D-3486C289C44A}.Debug|Any CPU.Build.0 = Debug|Any CPU
		{9AF4A002-300C-4565-BB0D-3486C289C44A}.Release|Any CPU.ActiveCfg = Release|Any CPU
		{9AF4A002-300C-4565-BB0D-3486C289C44A}.Release|Any CPU.Build.0 = Release|Any CPU
		{424DD08A-F953-4BD5-8506-23F0CA35D3C8}.Debug|Any CPU.ActiveCfg = Debug|Any CPU
		{424DD08A-F953-4BD5-8506-23F0CA35D3C8}.Debug|Any CPU.Build.0 = Debug|Any CPU
		{424DD08A-F953-4BD5-8506-23F0CA35D3C8}.Release|Any CPU.ActiveCfg = Release|Any CPU
		{424DD08A-F953-4BD5-8506-23F0CA35D3C8}.Release|Any CPU.Build.0 = Release|Any CPU
		{DFCE6093-ACDC-4FA7-B9AB-3F30A44EB6FD}.Debug|Any CPU.ActiveCfg = Debug|Any CPU
		{DFCE6093-ACDC-4FA7-B9AB-3F30A44EB6FD}.Debug|Any CPU.Build.0 = Debug|Any CPU
		{DFCE6093-ACDC-4FA7-B9AB-3F30A44EB6FD}.Release|Any CPU.ActiveCfg = Release|Any CPU
		{DFCE6093-ACDC-4FA7-B9AB-3F30A44EB6FD}.Release|Any CPU.Build.0 = Release|Any CPU
		{DD843B41-AD0C-47B2-850C-17ED2D5B94D2}.Debug|Any CPU.ActiveCfg = Debug|Any CPU
		{DD843B41-AD0C-47B2-850C-17ED2D5B94D2}.Debug|Any CPU.Build.0 = Debug|Any CPU
		{DD843B41-AD0C-47B2-850C-17ED2D5B94D2}.Release|Any CPU.ActiveCfg = Release|Any CPU
		{DD843B41-AD0C-47B2-850C-17ED2D5B94D2}.Release|Any CPU.Build.0 = Release|Any CPU
		{CA12ECF3-78C3-42F3-9E23-E1D4608B83A9}.Debug|Any CPU.ActiveCfg = Debug|Any CPU
		{CA12ECF3-78C3-42F3-9E23-E1D4608B83A9}.Debug|Any CPU.Build.0 = Debug|Any CPU
		{CA12ECF3-78C3-42F3-9E23-E1D4608B83A9}.Release|Any CPU.ActiveCfg = Release|Any CPU
		{CA12ECF3-78C3-42F3-9E23-E1D4608B83A9}.Release|Any CPU.Build.0 = Release|Any CPU
		{806E86CB-968F-433C-B597-06AD2780FCAA}.Debug|Any CPU.ActiveCfg = Debug|Any CPU
		{806E86CB-968F-433C-B597-06AD2780FCAA}.Debug|Any CPU.Build.0 = Debug|Any CPU
		{806E86CB-968F-433C-B597-06AD2780FCAA}.Release|Any CPU.ActiveCfg = Release|Any CPU
		{806E86CB-968F-433C-B597-06AD2780FCAA}.Release|Any CPU.Build.0 = Release|Any CPU
		{3157A07D-0468-4610-91E1-BB5CF887062A}.Debug|Any CPU.ActiveCfg = Debug|Any CPU
		{3157A07D-0468-4610-91E1-BB5CF887062A}.Debug|Any CPU.Build.0 = Debug|Any CPU
		{3157A07D-0468-4610-91E1-BB5CF887062A}.Release|Any CPU.ActiveCfg = Release|Any CPU
		{3157A07D-0468-4610-91E1-BB5CF887062A}.Release|Any CPU.Build.0 = Release|Any CPU
		{00EEDDE0-3F82-40EA-BF01-3401C908A93E}.Debug|Any CPU.ActiveCfg = Debug|Any CPU
		{00EEDDE0-3F82-40EA-BF01-3401C908A93E}.Debug|Any CPU.Build.0 = Debug|Any CPU
		{00EEDDE0-3F82-40EA-BF01-3401C908A93E}.Release|Any CPU.ActiveCfg = Release|Any CPU
		{00EEDDE0-3F82-40EA-BF01-3401C908A93E}.Release|Any CPU.Build.0 = Release|Any CPU
		{4B1D20FE-8272-44D0-80C2-B2D21E1D753B}.Debug|Any CPU.ActiveCfg = Debug|Any CPU
		{4B1D20FE-8272-44D0-80C2-B2D21E1D753B}.Debug|Any CPU.Build.0 = Debug|Any CPU
		{4B1D20FE-8272-44D0-80C2-B2D21E1D753B}.Release|Any CPU.ActiveCfg = Release|Any CPU
		{4B1D20FE-8272-44D0-80C2-B2D21E1D753B}.Release|Any CPU.Build.0 = Release|Any CPU
		{8ED1AAB5-902E-4E06-8471-30B7CFC618C4}.Debug|Any CPU.ActiveCfg = Debug|Any CPU
		{8ED1AAB5-902E-4E06-8471-30B7CFC618C4}.Debug|Any CPU.Build.0 = Debug|Any CPU
		{8ED1AAB5-902E-4E06-8471-30B7CFC618C4}.Release|Any CPU.ActiveCfg = Release|Any CPU
		{8ED1AAB5-902E-4E06-8471-30B7CFC618C4}.Release|Any CPU.Build.0 = Release|Any CPU
		{7E25B7EE-F924-471D-A2EB-44ADC995ABCC}.Debug|Any CPU.ActiveCfg = Debug|Any CPU
		{7E25B7EE-F924-471D-A2EB-44ADC995ABCC}.Debug|Any CPU.Build.0 = Debug|Any CPU
		{7E25B7EE-F924-471D-A2EB-44ADC995ABCC}.Release|Any CPU.ActiveCfg = Release|Any CPU
		{7E25B7EE-F924-471D-A2EB-44ADC995ABCC}.Release|Any CPU.Build.0 = Release|Any CPU
		{87384658-0AFA-416C-ADF0-E9C14E6EC5D2}.Debug|Any CPU.ActiveCfg = Debug|Any CPU
		{87384658-0AFA-416C-ADF0-E9C14E6EC5D2}.Debug|Any CPU.Build.0 = Debug|Any CPU
		{87384658-0AFA-416C-ADF0-E9C14E6EC5D2}.Release|Any CPU.ActiveCfg = Release|Any CPU
		{87384658-0AFA-416C-ADF0-E9C14E6EC5D2}.Release|Any CPU.Build.0 = Release|Any CPU
		{0125814D-8A02-4CE6-B531-F4D4D0EEEACA}.Debug|Any CPU.ActiveCfg = Debug|Any CPU
		{0125814D-8A02-4CE6-B531-F4D4D0EEEACA}.Debug|Any CPU.Build.0 = Debug|Any CPU
		{0125814D-8A02-4CE6-B531-F4D4D0EEEACA}.Release|Any CPU.ActiveCfg = Release|Any CPU
		{0125814D-8A02-4CE6-B531-F4D4D0EEEACA}.Release|Any CPU.Build.0 = Release|Any CPU
		{75AFC19D-0396-4166-BA41-7F057BE391E1}.Debug|Any CPU.ActiveCfg = Debug|Any CPU
		{75AFC19D-0396-4166-BA41-7F057BE391E1}.Debug|Any CPU.Build.0 = Debug|Any CPU
		{75AFC19D-0396-4166-BA41-7F057BE391E1}.Release|Any CPU.ActiveCfg = Release|Any CPU
		{75AFC19D-0396-4166-BA41-7F057BE391E1}.Release|Any CPU.Build.0 = Release|Any CPU
		{A9ABA949-F688-4E8E-B892-5B9306AEF4D6}.Debug|Any CPU.ActiveCfg = Debug|Any CPU
		{A9ABA949-F688-4E8E-B892-5B9306AEF4D6}.Debug|Any CPU.Build.0 = Debug|Any CPU
		{A9ABA949-F688-4E8E-B892-5B9306AEF4D6}.Release|Any CPU.ActiveCfg = Release|Any CPU
		{A9ABA949-F688-4E8E-B892-5B9306AEF4D6}.Release|Any CPU.Build.0 = Release|Any CPU
		{AC32C6A0-6A53-421F-B78C-A3ED2CAF98BB}.Debug|Any CPU.ActiveCfg = Debug|Any CPU
		{AC32C6A0-6A53-421F-B78C-A3ED2CAF98BB}.Debug|Any CPU.Build.0 = Debug|Any CPU
		{AC32C6A0-6A53-421F-B78C-A3ED2CAF98BB}.Release|Any CPU.ActiveCfg = Release|Any CPU
		{AC32C6A0-6A53-421F-B78C-A3ED2CAF98BB}.Release|Any CPU.Build.0 = Release|Any CPU
		{AC973C91-5886-4F08-8786-CDB947E58DD0}.Debug|Any CPU.ActiveCfg = Debug|Any CPU
		{AC973C91-5886-4F08-8786-CDB947E58DD0}.Debug|Any CPU.Build.0 = Debug|Any CPU
		{AC973C91-5886-4F08-8786-CDB947E58DD0}.Release|Any CPU.ActiveCfg = Release|Any CPU
		{AC973C91-5886-4F08-8786-CDB947E58DD0}.Release|Any CPU.Build.0 = Release|Any CPU
		{6E59264B-876C-42B0-BEA5-B84A1B6314EB}.Debug|Any CPU.ActiveCfg = Debug|Any CPU
		{6E59264B-876C-42B0-BEA5-B84A1B6314EB}.Debug|Any CPU.Build.0 = Debug|Any CPU
		{6E59264B-876C-42B0-BEA5-B84A1B6314EB}.Release|Any CPU.ActiveCfg = Release|Any CPU
		{6E59264B-876C-42B0-BEA5-B84A1B6314EB}.Release|Any CPU.Build.0 = Release|Any CPU
		{64745AB2-16E1-4427-9213-3160A4CE8482}.Debug|Any CPU.ActiveCfg = Debug|Any CPU
		{64745AB2-16E1-4427-9213-3160A4CE8482}.Debug|Any CPU.Build.0 = Debug|Any CPU
		{64745AB2-16E1-4427-9213-3160A4CE8482}.Release|Any CPU.ActiveCfg = Release|Any CPU
		{64745AB2-16E1-4427-9213-3160A4CE8482}.Release|Any CPU.Build.0 = Release|Any CPU
	EndGlobalSection
	GlobalSection(SolutionProperties) = preSolution
		HideSolutionNode = FALSE
	EndGlobalSection
	GlobalSection(NestedProjects) = preSolution
		{673747C7-B8A6-4820-81A7-73F90E49F3DC} = {4F5D45E5-E7E9-4D89-8261-0B52F71DD917}
		{DD843B41-AD0C-47B2-850C-17ED2D5B94D2} = {4F5D45E5-E7E9-4D89-8261-0B52F71DD917}
		{3157A07D-0468-4610-91E1-BB5CF887062A} = {4F5D45E5-E7E9-4D89-8261-0B52F71DD917}
		{4B1D20FE-8272-44D0-80C2-B2D21E1D753B} = {4F5D45E5-E7E9-4D89-8261-0B52F71DD917}
		{7E25B7EE-F924-471D-A2EB-44ADC995ABCC} = {4F5D45E5-E7E9-4D89-8261-0B52F71DD917}
		{0125814D-8A02-4CE6-B531-F4D4D0EEEACA} = {4F5D45E5-E7E9-4D89-8261-0B52F71DD917}
		{AC32C6A0-6A53-421F-B78C-A3ED2CAF98BB} = {4F5D45E5-E7E9-4D89-8261-0B52F71DD917}
		{AC973C91-5886-4F08-8786-CDB947E58DD0} = {4F5D45E5-E7E9-4D89-8261-0B52F71DD917}
	EndGlobalSection
	GlobalSection(ExtensibilityGlobals) = postSolution
		SolutionGuid = {6DB47403-D8D8-4EEB-9D37-8E73C2E536E4}
	EndGlobalSection
EndGlobal
